
Microsoft Visual Studio Solution File, Format Version 12.00
# Visual Studio Version 16
VisualStudioVersion = 16.0.30011.22
MinimumVisualStudioVersion = 10.0.40219.1
Project("{FAE04EC0-301F-11D3-BF4B-00C04F79EFBC}") = "VideoWeb", "VideoWeb\VideoWeb.csproj", "{8ECFD783-A744-4478-B4EF-C22EADA5B721}"
EndProject
Project("{FAE04EC0-301F-11D3-BF4B-00C04F79EFBC}") = "VideoData", "VideoData\VideoData.csproj", "{D69F4DB7-E79D-4386-916B-CC66F59A7ED8}"
EndProject
Global
	GlobalSection(SolutionConfigurationPlatforms) = preSolution
		Debug|Any CPU = Debug|Any CPU
		Release|Any CPU = Release|Any CPU
	EndGlobalSection
	GlobalSection(ProjectConfigurationPlatforms) = postSolution
		{8ECFD783-A744-4478-B4EF-C22EADA5B721}.Debug|Any CPU.ActiveCfg = Debug|Any CPU
		{8ECFD783-A744-4478-B4EF-C22EADA5B721}.Debug|Any CPU.Build.0 = Debug|Any CPU
		{8ECFD783-A744-4478-B4EF-C22EADA5B721}.Release|Any CPU.ActiveCfg = Release|Any CPU
		{8ECFD783-A744-4478-B4EF-C22EADA5B721}.Release|Any CPU.Build.0 = Release|Any CPU
		{D69F4DB7-E79D-4386-916B-CC66F59A7ED8}.Debug|Any CPU.ActiveCfg = Debug|Any CPU
		{D69F4DB7-E79D-4386-916B-CC66F59A7ED8}.Debug|Any CPU.Build.0 = Debug|Any CPU
		{D69F4DB7-E79D-4386-916B-CC66F59A7ED8}.Release|Any CPU.ActiveCfg = Release|Any CPU
		{D69F4DB7-E79D-4386-916B-CC66F59A7ED8}.Release|Any CPU.Build.0 = Release|Any CPU
	EndGlobalSection
	GlobalSection(SolutionProperties) = preSolution
		HideSolutionNode = FALSE
	EndGlobalSection
	GlobalSection(ExtensibilityGlobals) = postSolution
		SolutionGuid = {DE9DB79C-A728-4E7E-A3CC-7B85002873E1}
	EndGlobalSection
EndGlobal
